{
    "version": 3,
    "terraform_version": "0.11.7",
    "serial": 6,
    "lineage": "7bc737d9-abed-1a60-2603-158b4f3ec874",
    "modules": [
        {
            "path": [
                "root"
            ],
            "outputs": {},
            "resources": {},
            "depends_on": []
        },
        {
            "path": [
                "root",
                "openshift-cluster"
            ],
            "outputs": {
                "bastion-private_dns": {
                    "sensitive": false,
                    "type": "string",
                    "value": "ip-10-0-1-157.ca-central-1.compute.internal"
                },
                "bastion-private_ip": {
                    "sensitive": false,
                    "type": "string",
                    "value": "10.0.1.157"
                },
                "bastion-public_dns": {
                    "sensitive": false,
                    "type": "string",
                    "value": "ec2-35-182-214-206.ca-central-1.compute.amazonaws.com"
                },
                "bastion-public_ip": {
                    "sensitive": false,
                    "type": "string",
                    "value": "35.182.214.206"
                },
                "master-private_dns": {
                    "sensitive": false,
                    "type": "string",
                    "value": "ip-10-0-1-253.ca-central-1.compute.internal"
                },
                "master-private_ip": {
                    "sensitive": false,
                    "type": "string",
                    "value": "10.0.1.253"
                },
                "master-public_dns": {
                    "sensitive": false,
                    "type": "string",
                    "value": "ec2-35-183-100-66.ca-central-1.compute.amazonaws.com"
                },
                "master-public_ip": {
                    "sensitive": false,
                    "type": "string",
                    "value": "35.183.100.66"
                },
                "node1-private_dns": {
                    "sensitive": false,
                    "type": "string",
                    "value": "ip-10-0-1-91.ca-central-1.compute.internal"
                },
                "node1-private_ip": {
                    "sensitive": false,
                    "type": "string",
                    "value": "10.0.1.91"
                },
                "node1-public_dns": {
                    "sensitive": false,
                    "type": "string",
                    "value": "ec2-35-183-107-27.ca-central-1.compute.amazonaws.com"
                },
                "node1-public_ip": {
                    "sensitive": false,
                    "type": "string",
                    "value": "35.183.107.27"
                },
                "node2-private_dns": {
                    "sensitive": false,
                    "type": "string",
                    "value": "ip-10-0-1-111.ca-central-1.compute.internal"
                },
                "node2-private_ip": {
                    "sensitive": false,
                    "type": "string",
                    "value": "10.0.1.111"
                },
                "node2-public_dns": {
                    "sensitive": false,
                    "type": "string",
                    "value": "ec2-35-183-16-176.ca-central-1.compute.amazonaws.com"
                },
                "node2-public_ip": {
                    "sensitive": false,
                    "type": "string",
                    "value": "35.183.16.176"
                }
            },
            "resources": {
                "aws_iam_access_key.openshift-aws-user": {
                    "type": "aws_iam_access_key",
                    "depends_on": [
                        "aws_iam_user.openshift-aws-user"
                    ],
                    "primary": {
                        "id": "AKIAIM3T3EKZVOFUR27Q",
                        "attributes": {
                            "id": "AKIAIM3T3EKZVOFUR27Q",
                            "secret": "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",
                            "ses_smtp_password": "AlgFoF7xusiQ0rEkoDK2SrczB4+rLTznQxdrHRCuKp30",
                            "status": "Active",
                            "user": "openshift-aws-user"
                        },
                        "meta": {},
                        "tainted": false
                    },
                    "deposed": [],
                    "provider": "provider.aws"
                },
                "aws_iam_instance_profile.bastion-instance-profile": {
                    "type": "aws_iam_instance_profile",
                    "depends_on": [
                        "aws_iam_role.openshift-instance-role"
                    ],
                    "primary": {
                        "id": "bastion-instance-profile",
                        "attributes": {
                            "arn": "arn:aws:iam::266044410994:instance-profile/bastion-instance-profile",
                            "create_date": "2018-07-04T05:08:36Z",
                            "id": "bastion-instance-profile",
                            "name": "bastion-instance-profile",
                            "path": "/",
                            "role": "openshift-instance-role",
                            "roles.#": "0",
                            "unique_id": "AIPAI5KRQOSHRBSDTLLMG"
                        },
                        "meta": {},
                        "tainted": false
                    },
                    "deposed": [],
                    "provider": "provider.aws"
                },
                "aws_iam_instance_profile.openshift-instance-profile": {
                    "type": "aws_iam_instance_profile",
                    "depends_on": [
                        "aws_iam_role.openshift-instance-role"
                    ],
                    "primary": {
                        "id": "openshift-instance-profile",
                        "attributes": {
                            "arn": "arn:aws:iam::266044410994:instance-profile/openshift-instance-profile",
                            "create_date": "2018-07-04T05:08:36Z",
                            "id": "openshift-instance-profile",
                            "name": "openshift-instance-profile",
                            "path": "/",
                            "role": "openshift-instance-role",
                            "roles.#": "0",
                            "unique_id": "AIPAJ6V7DUFEYHF7K42LO"
                        },
                        "meta": {},
                        "tainted": false
                    },
                    "deposed": [],
                    "provider": "provider.aws"
                },
                "aws_iam_policy.openshift-policy-forward-logs": {
                    "type": "aws_iam_policy",
                    "depends_on": [],
                    "primary": {
                        "id": "arn:aws:iam::266044410994:policy/openshift-instance-forward-logs",
                        "attributes": {
                            "arn": "arn:aws:iam::266044410994:policy/openshift-instance-forward-logs",
                            "description": "Allows an instance to forward logs to CloudWatch",
                            "id": "arn:aws:iam::266044410994:policy/openshift-instance-forward-logs",
                            "name": "openshift-instance-forward-logs",
                            "path": "/",
                            "policy": "{\n  \"Version\": \"2012-10-17\",\n  \"Statement\": [\n    {\n      \"Effect\": \"Allow\",\n      \"Action\": [\n        \"logs:CreateLogGroup\",\n        \"logs:CreateLogStream\",\n        \"logs:PutLogEvents\",\n        \"logs:DescribeLogStreams\"\n      ],\n      \"Resource\": [\n        \"arn:aws:logs:*:*:*\"\n      ]\n    }\n  ]\n}\n"
                        },
                        "meta": {},
                        "tainted": false
                    },
                    "deposed": [],
                    "provider": "provider.aws"
                },
                "aws_iam_policy_attachment.openshift-attachment-forward-logs": {
                    "type": "aws_iam_policy_attachment",
                    "depends_on": [
                        "aws_iam_policy.openshift-policy-forward-logs",
                        "aws_iam_role.openshift-instance-role"
                    ],
                    "primary": {
                        "id": "openshift-attachment-forward-logs",
                        "attributes": {
                            "groups.#": "0",
                            "id": "openshift-attachment-forward-logs",
                            "name": "openshift-attachment-forward-logs",
                            "policy_arn": "arn:aws:iam::266044410994:policy/openshift-instance-forward-logs",
                            "roles.#": "1",
                            "roles.1717939172": "openshift-instance-role",
                            "users.#": "0"
                        },
                        "meta": {},
                        "tainted": false
                    },
                    "deposed": [],
                    "provider": "provider.aws"
                },
                "aws_iam_role.openshift-instance-role": {
                    "type": "aws_iam_role",
                    "depends_on": [],
                    "primary": {
                        "id": "openshift-instance-role",
                        "attributes": {
                            "arn": "arn:aws:iam::266044410994:role/openshift-instance-role",
                            "assume_role_policy": "{\"Version\":\"2012-10-17\",\"Statement\":[{\"Sid\":\"\",\"Effect\":\"Allow\",\"Principal\":{\"Service\":\"ec2.amazonaws.com\"},\"Action\":\"sts:AssumeRole\"}]}",
                            "create_date": "2018-07-04T05:08:35Z",
                            "force_detach_policies": "false",
                            "id": "openshift-instance-role",
                            "max_session_duration": "3600",
                            "name": "openshift-instance-role",
                            "path": "/",
                            "unique_id": "AROAISAN3ZWSTRPRBJJUC"
                        },
                        "meta": {},
                        "tainted": false
                    },
                    "deposed": [],
                    "provider": "provider.aws"
                },
                "aws_iam_user.openshift-aws-user": {
                    "type": "aws_iam_user",
                    "depends_on": [],
                    "primary": {
                        "id": "openshift-aws-user",
                        "attributes": {
                            "arn": "arn:aws:iam::266044410994:user/openshift-aws-user",
                            "force_destroy": "false",
                            "id": "openshift-aws-user",
                            "name": "openshift-aws-user",
                            "path": "/",
                            "unique_id": "AIDAJTPHDV2WVSZM7RHP4"
                        },
                        "meta": {},
                        "tainted": false
                    },
                    "deposed": [],
                    "provider": "provider.aws"
                },
                "aws_iam_user_policy.openshift-aws-user": {
                    "type": "aws_iam_user_policy",
                    "depends_on": [
                        "aws_iam_user.openshift-aws-user"
                    ],
                    "primary": {
                        "id": "openshift-aws-user:openshift-aws-user-policy",
                        "attributes": {
                            "id": "openshift-aws-user:openshift-aws-user-policy",
                            "name": "openshift-aws-user-policy",
                            "policy": "{\n  \"Version\": \"2012-10-17\",\n  \"Statement\": [\n    {\n      \"Effect\": \"Allow\",\n      \"Action\": [\n        \"ec2:DescribeVolume*\",\n        \"ec2:CreateVolume\",\n        \"ec2:CreateTags\",\n        \"ec2:DescribeInstance*\",\n        \"ec2:AttachVolume\",\n        \"ec2:DetachVolume\",\n        \"ec2:DeleteVolume\",\n        \"ec2:DescribeSubnets\",\n        \"ec2:CreateSecurityGroup\",\n        \"ec2:DescribeSecurityGroups\",\n        \"elasticloadbalancing:DescribeTags\",\n        \"elasticloadbalancing:CreateLoadBalancerListeners\",\n        \"ec2:DescribeRouteTables\",\n        \"elasticloadbalancing:ConfigureHealthCheck\",\n        \"ec2:AuthorizeSecurityGroupIngress\",\n        \"elasticloadbalancing:DeleteLoadBalancerListeners\",\n        \"elasticloadbalancing:RegisterInstancesWithLoadBalancer\",\n        \"elasticloadbalancing:DescribeLoadBalancers\",\n        \"elasticloadbalancing:CreateLoadBalancer\",\n        \"elasticloadbalancing:DeleteLoadBalancer\",\n        \"elasticloadbalancing:ModifyLoadBalancerAttributes\",\n        \"elasticloadbalancing:DescribeLoadBalancerAttributes\"\n      ],\n      \"Resource\": \"*\"\n    }\n  ]\n}\n",
                            "user": "openshift-aws-user"
                        },
                        "meta": {},
                        "tainted": false
                    },
                    "deposed": [],
                    "provider": "provider.aws"
                },
                "aws_instance.bastion": {
                    "type": "aws_instance",
                    "depends_on": [
                        "aws_iam_instance_profile.bastion-instance-profile",
                        "aws_key_pair.keypair",
                        "aws_security_group.openshift-public-egress",
                        "aws_security_group.openshift-ssh",
                        "aws_security_group.openshift-vpc",
                        "aws_subnet.public-subnet",
                        "data.aws_ami.amazonlinux",
                        "local.common_tags"
                    ],
                    "primary": {
                        "id": "i-05047f12e0af06913",
                        "attributes": {
                            "ami": "ami-49e86a2d",
                            "associate_public_ip_address": "true",
                            "availability_zone": "ca-central-1a",
                            "credit_specification.#": "1",
                            "credit_specification.0.cpu_credits": "standard",
                            "disable_api_termination": "false",
                            "ebs_block_device.#": "0",
                            "ebs_optimized": "false",
                            "ephemeral_block_device.#": "0",
                            "get_password_data": "false",
                            "iam_instance_profile": "bastion-instance-profile",
                            "id": "i-05047f12e0af06913",
                            "instance_state": "running",
                            "instance_type": "t2.micro",
                            "ipv6_addresses.#": "0",
                            "key_name": "openshift",
                            "monitoring": "false",
                            "network_interface.#": "0",
                            "network_interface_id": "eni-0a4e3f67a1a65da68",
                            "password_data": "",
                            "placement_group": "",
                            "primary_network_interface_id": "eni-0a4e3f67a1a65da68",
                            "private_dns": "ip-10-0-1-157.ca-central-1.compute.internal",
                            "private_ip": "10.0.1.157",
                            "public_dns": "ec2-35-182-214-206.ca-central-1.compute.amazonaws.com",
                            "public_ip": "35.182.214.206",
                            "root_block_device.#": "1",
                            "root_block_device.0.delete_on_termination": "true",
                            "root_block_device.0.iops": "0",
                            "root_block_device.0.volume_id": "vol-0b1d60f219b239b48",
                            "root_block_device.0.volume_size": "8",
                            "root_block_device.0.volume_type": "standard",
                            "security_groups.#": "0",
                            "source_dest_check": "true",
                            "subnet_id": "subnet-0c3d500f2926c12c2",
                            "tags.%": "4",
                            "tags.KubernetesCluster": "openshift-cluster",
                            "tags.Name": "OpenShift Bastion",
                            "tags.Project": "openshift",
                            "tags.kubernetes.io/cluster/openshift-cluster": "openshift-cluster-micro-messages",
                            "tenancy": "default",
                            "volume_tags.%": "0",
                            "vpc_security_group_ids.#": "3",
                            "vpc_security_group_ids.1080139150": "sg-03781c0b1daf24518",
                            "vpc_security_group_ids.2027044107": "sg-0517871bca57fa98b",
                            "vpc_security_group_ids.540192731": "sg-0bdb47460eeb92185"
                        },
                        "meta": {
                            "e2bfb730-ecaa-11e6-8f88-34363bc7c4c0": {
                                "create": 600000000000,
                                "delete": 1200000000000,
                                "update": 600000000000
                            },
                            "schema_version": "1"
                        },
                        "tainted": false
                    },
                    "deposed": [],
                    "provider": "provider.aws"
                },
                "aws_instance.master": {
                    "type": "aws_instance",
                    "depends_on": [
                        "aws_iam_instance_profile.openshift-instance-profile",
                        "aws_key_pair.keypair",
                        "aws_security_group.openshift-public-egress",
                        "aws_security_group.openshift-public-ingress",
                        "aws_security_group.openshift-vpc",
                        "aws_subnet.public-subnet",
                        "data.aws_ami.rhel7_2",
                        "data.template_file.setup-master",
                        "local.common_tags"
                    ],
                    "primary": {
                        "id": "i-0fdbd965af4beaf95",
                        "attributes": {
                            "ami": "ami-b764d6d3",
                            "associate_public_ip_address": "true",
                            "availability_zone": "ca-central-1a",
                            "credit_specification.#": "1",
                            "credit_specification.0.cpu_credits": "standard",
                            "disable_api_termination": "false",
                            "ebs_block_device.#": "1",
                            "ebs_block_device.2659407853.delete_on_termination": "true",
                            "ebs_block_device.2659407853.device_name": "/dev/sdf",
                            "ebs_block_device.2659407853.encrypted": "false",
                            "ebs_block_device.2659407853.iops": "240",
                            "ebs_block_device.2659407853.snapshot_id": "",
                            "ebs_block_device.2659407853.volume_id": "vol-0a2c6cf777ae94cd7",
                            "ebs_block_device.2659407853.volume_size": "80",
                            "ebs_block_device.2659407853.volume_type": "gp2",
                            "ebs_optimized": "false",
                            "ephemeral_block_device.#": "0",
                            "get_password_data": "false",
                            "iam_instance_profile": "openshift-instance-profile",
                            "id": "i-0fdbd965af4beaf95",
                            "instance_state": "running",
                            "instance_type": "m4.xlarge",
                            "ipv6_addresses.#": "0",
                            "key_name": "openshift",
                            "monitoring": "false",
                            "network_interface.#": "0",
                            "network_interface_id": "eni-06268cbc85fec918b",
                            "password_data": "",
                            "placement_group": "",
                            "primary_network_interface_id": "eni-06268cbc85fec918b",
                            "private_dns": "ip-10-0-1-253.ca-central-1.compute.internal",
                            "private_ip": "10.0.1.253",
                            "public_dns": "ec2-35-183-100-66.ca-central-1.compute.amazonaws.com",
                            "public_ip": "35.183.100.66",
                            "root_block_device.#": "1",
                            "root_block_device.0.delete_on_termination": "true",
                            "root_block_device.0.iops": "150",
                            "root_block_device.0.volume_id": "vol-0384c9ff9d61defd7",
                            "root_block_device.0.volume_size": "50",
                            "root_block_device.0.volume_type": "gp2",
                            "security_groups.#": "0",
                            "source_dest_check": "true",
                            "subnet_id": "subnet-0c3d500f2926c12c2",
                            "tags.%": "4",
                            "tags.KubernetesCluster": "openshift-cluster",
                            "tags.Name": "OpenShift Master",
                            "tags.Project": "openshift",
                            "tags.kubernetes.io/cluster/openshift-cluster": "openshift-cluster-micro-messages",
                            "tenancy": "default",
                            "user_data": "c6adcd176da8244fd2af151f9bb38388cf11c760",
                            "volume_tags.%": "0",
                            "vpc_security_group_ids.#": "3",
                            "vpc_security_group_ids.1080139150": "sg-03781c0b1daf24518",
                            "vpc_security_group_ids.1234722615": "sg-0282c89be0ec3db27",
                            "vpc_security_group_ids.540192731": "sg-0bdb47460eeb92185"
                        },
                        "meta": {
                            "e2bfb730-ecaa-11e6-8f88-34363bc7c4c0": {
                                "create": 600000000000,
                                "delete": 1200000000000,
                                "update": 600000000000
                            },
                            "schema_version": "1"
                        },
                        "tainted": false
                    },
                    "deposed": [],
                    "provider": "provider.aws"
                },
                "aws_instance.node1": {
                    "type": "aws_instance",
                    "depends_on": [
                        "aws_iam_instance_profile.openshift-instance-profile",
                        "aws_key_pair.keypair",
                        "aws_security_group.openshift-public-egress",
                        "aws_security_group.openshift-public-ingress",
                        "aws_security_group.openshift-vpc",
                        "aws_subnet.public-subnet",
                        "data.aws_ami.rhel7_2",
                        "data.template_file.setup-node",
                        "local.common_tags"
                    ],
                    "primary": {
                        "id": "i-0488c1d1f364c37f6",
                        "attributes": {
                            "ami": "ami-b764d6d3",
                            "associate_public_ip_address": "true",
                            "availability_zone": "ca-central-1a",
                            "credit_specification.#": "1",
                            "credit_specification.0.cpu_credits": "standard",
                            "disable_api_termination": "false",
                            "ebs_block_device.#": "1",
                            "ebs_block_device.2659407853.delete_on_termination": "true",
                            "ebs_block_device.2659407853.device_name": "/dev/sdf",
                            "ebs_block_device.2659407853.encrypted": "false",
                            "ebs_block_device.2659407853.iops": "240",
                            "ebs_block_device.2659407853.snapshot_id": "",
                            "ebs_block_device.2659407853.volume_id": "vol-0245b6b85a3d2feb3",
                            "ebs_block_device.2659407853.volume_size": "80",
                            "ebs_block_device.2659407853.volume_type": "gp2",
                            "ebs_optimized": "false",
                            "ephemeral_block_device.#": "0",
                            "get_password_data": "false",
                            "iam_instance_profile": "openshift-instance-profile",
                            "id": "i-0488c1d1f364c37f6",
                            "instance_state": "running",
                            "instance_type": "t2.large",
                            "ipv6_addresses.#": "0",
                            "key_name": "openshift",
                            "monitoring": "false",
                            "network_interface.#": "0",
                            "network_interface_id": "eni-06985da4c51630307",
                            "password_data": "",
                            "placement_group": "",
                            "primary_network_interface_id": "eni-06985da4c51630307",
                            "private_dns": "ip-10-0-1-91.ca-central-1.compute.internal",
                            "private_ip": "10.0.1.91",
                            "public_dns": "ec2-35-183-107-27.ca-central-1.compute.amazonaws.com",
                            "public_ip": "35.183.107.27",
                            "root_block_device.#": "1",
                            "root_block_device.0.delete_on_termination": "true",
                            "root_block_device.0.iops": "150",
                            "root_block_device.0.volume_id": "vol-0f532bc1547a6f7a0",
                            "root_block_device.0.volume_size": "50",
                            "root_block_device.0.volume_type": "gp2",
                            "security_groups.#": "0",
                            "source_dest_check": "true",
                            "subnet_id": "subnet-0c3d500f2926c12c2",
                            "tags.%": "4",
                            "tags.KubernetesCluster": "openshift-cluster",
                            "tags.Name": "OpenShift Node 1",
                            "tags.Project": "openshift",
                            "tags.kubernetes.io/cluster/openshift-cluster": "openshift-cluster-micro-messages",
                            "tenancy": "default",
                            "user_data": "88cc121c8b37d8e6d3cb487185be082f49dbdc75",
                            "volume_tags.%": "0",
                            "vpc_security_group_ids.#": "3",
                            "vpc_security_group_ids.1080139150": "sg-03781c0b1daf24518",
                            "vpc_security_group_ids.1234722615": "sg-0282c89be0ec3db27",
                            "vpc_security_group_ids.540192731": "sg-0bdb47460eeb92185"
                        },
                        "meta": {
                            "e2bfb730-ecaa-11e6-8f88-34363bc7c4c0": {
                                "create": 600000000000,
                                "delete": 1200000000000,
                                "update": 600000000000
                            },
                            "schema_version": "1"
                        },
                        "tainted": false
                    },
                    "deposed": [],
                    "provider": "provider.aws"
                },
                "aws_instance.node2": {
                    "type": "aws_instance",
                    "depends_on": [
                        "aws_iam_instance_profile.openshift-instance-profile",
                        "aws_key_pair.keypair",
                        "aws_security_group.openshift-public-egress",
                        "aws_security_group.openshift-public-ingress",
                        "aws_security_group.openshift-vpc",
                        "aws_subnet.public-subnet",
                        "data.aws_ami.rhel7_2",
                        "data.template_file.setup-node",
                        "local.common_tags"
                    ],
                    "primary": {
                        "id": "i-0e36ccbe76dd5c2ab",
                        "attributes": {
                            "ami": "ami-b764d6d3",
                            "associate_public_ip_address": "true",
                            "availability_zone": "ca-central-1a",
                            "credit_specification.#": "1",
                            "credit_specification.0.cpu_credits": "standard",
                            "disable_api_termination": "false",
                            "ebs_block_device.#": "1",
                            "ebs_block_device.2659407853.delete_on_termination": "true",
                            "ebs_block_device.2659407853.device_name": "/dev/sdf",
                            "ebs_block_device.2659407853.encrypted": "false",
                            "ebs_block_device.2659407853.iops": "240",
                            "ebs_block_device.2659407853.snapshot_id": "",
                            "ebs_block_device.2659407853.volume_id": "vol-09d487d79df1085eb",
                            "ebs_block_device.2659407853.volume_size": "80",
                            "ebs_block_device.2659407853.volume_type": "gp2",
                            "ebs_optimized": "false",
                            "ephemeral_block_device.#": "0",
                            "get_password_data": "false",
                            "iam_instance_profile": "openshift-instance-profile",
                            "id": "i-0e36ccbe76dd5c2ab",
                            "instance_state": "running",
                            "instance_type": "t2.large",
                            "ipv6_addresses.#": "0",
                            "key_name": "openshift",
                            "monitoring": "false",
                            "network_interface.#": "0",
                            "network_interface_id": "eni-0c456257669aa0864",
                            "password_data": "",
                            "placement_group": "",
                            "primary_network_interface_id": "eni-0c456257669aa0864",
                            "private_dns": "ip-10-0-1-111.ca-central-1.compute.internal",
                            "private_ip": "10.0.1.111",
                            "public_dns": "ec2-35-183-16-176.ca-central-1.compute.amazonaws.com",
                            "public_ip": "35.183.16.176",
                            "root_block_device.#": "1",
                            "root_block_device.0.delete_on_termination": "true",
                            "root_block_device.0.iops": "150",
                            "root_block_device.0.volume_id": "vol-046e46343927589cb",
                            "root_block_device.0.volume_size": "50",
                            "root_block_device.0.volume_type": "gp2",
                            "security_groups.#": "0",
                            "source_dest_check": "true",
                            "subnet_id": "subnet-0c3d500f2926c12c2",
                            "tags.%": "4",
                            "tags.KubernetesCluster": "openshift-cluster",
                            "tags.Name": "OpenShift Node 2",
                            "tags.Project": "openshift",
                            "tags.kubernetes.io/cluster/openshift-cluster": "openshift-cluster-micro-messages",
                            "tenancy": "default",
                            "user_data": "88cc121c8b37d8e6d3cb487185be082f49dbdc75",
                            "volume_tags.%": "0",
                            "vpc_security_group_ids.#": "3",
                            "vpc_security_group_ids.1080139150": "sg-03781c0b1daf24518",
                            "vpc_security_group_ids.1234722615": "sg-0282c89be0ec3db27",
                            "vpc_security_group_ids.540192731": "sg-0bdb47460eeb92185"
                        },
                        "meta": {
                            "e2bfb730-ecaa-11e6-8f88-34363bc7c4c0": {
                                "create": 600000000000,
                                "delete": 1200000000000,
                                "update": 600000000000
                            },
                            "schema_version": "1"
                        },
                        "tainted": false
                    },
                    "deposed": [],
                    "provider": "provider.aws"
                },
                "aws_internet_gateway.openshift": {
                    "type": "aws_internet_gateway",
                    "depends_on": [
                        "aws_vpc.openshift",
                        "local.common_tags"
                    ],
                    "primary": {
                        "id": "igw-0337ddcb23b39d846",
                        "attributes": {
                            "id": "igw-0337ddcb23b39d846",
                            "tags.%": "4",
                            "tags.KubernetesCluster": "openshift-cluster",
                            "tags.Name": "OpenShift IGW",
                            "tags.Project": "openshift",
                            "tags.kubernetes.io/cluster/openshift-cluster": "openshift-cluster-micro-messages",
                            "vpc_id": "vpc-0e71d86d853a2c4d4"
                        },
                        "meta": {},
                        "tainted": false
                    },
                    "deposed": [],
                    "provider": "provider.aws"
                },
                "aws_key_pair.keypair": {
                    "type": "aws_key_pair",
                    "depends_on": [],
                    "primary": {
                        "id": "openshift",
                        "attributes": {
                            "id": "openshift",
                            "key_name": "openshift",
                            "public_key": "ssh-rsa AAAAB3NzaC1yc2EAAAADAQABAAACAQC/Rbkbqsz0h8bA/XdnR4DIIwq68nZ+WaMgkFiLeVKdUkR4soC6LjZABeXlPOMPo59y2h3hWICNZLk7rL7QAfCjIUd5r0U6Z3b+iIa8bGPrz31nmy32oKc2RYLugkP17xHG94wGIVUrAhkw5RFVDztowyQNHEXk4UbhvyfiT8l2t2ZlYMdCxVOG27V30j58ZFMTv/bcvOnk4P9TKca4tv+CtcjNB4ljTBCOIK7IGBw+SPY27s6zJ1X49owkTu+x/0/knuBnw0q+oxHR0GTDxsEb8HKBMHpwtHiuU8cfPC8T8z39BO0NDe3DfFk7SGku0J5Mz21pRROxQxifsz2fXHFXxudf5hofibeNy8VgzQ0gwE6SJlUZtNKejk9Enuco5YPUBLMu8kQFtK6xpvshIaVBdavR1BRwf7HyqQVmMLQde6dB/8SBMan5jjwj0Jb8vRj5f3LfTzTCtwUvNeDKgQXlZLI7PxykRQt4XhT4B9yaey23Fi9MJM3f/IMWnzEy59ttiXJqJAAggc0hRwjvB/60LGDYE/nfPXIi7Dih/WqRWGjeautkyRjPqZiqJAqppbGfBPMauVr/nN9EVPeNpWPDUsaMqpjvoUF8yCFXMcGG4rSTRZokZQx4NARaFgS8n37zRzLE2Act9JqyQnsFw6onBhkERiUYYrPe52fWJaq8gQ== quntas.wang@gmail.com"
                        },
                        "meta": {
                            "schema_version": "1"
                        },
                        "tainted": false
                    },
                    "deposed": [],
                    "provider": "provider.aws"
                },
                "aws_route53_record.master-a-record": {
                    "type": "aws_route53_record",
                    "depends_on": [
                        "aws_instance.master",
                        "aws_route53_zone.internal"
                    ],
                    "primary": {
                        "id": "Z2744A2EHY6JDI_master.openshift.local_A",
                        "attributes": {
                            "allow_overwrite": "true",
                            "fqdn": "master.openshift.local",
                            "id": "Z2744A2EHY6JDI_master.openshift.local_A",
                            "name": "master.openshift.local",
                            "records.#": "1",
                            "records.3574672311": "10.0.1.253",
                            "ttl": "300",
                            "type": "A",
                            "zone_id": "Z2744A2EHY6JDI"
                        },
                        "meta": {
                            "schema_version": "2"
                        },
                        "tainted": false
                    },
                    "deposed": [],
                    "provider": "provider.aws"
                },
                "aws_route53_record.node1-a-record": {
                    "type": "aws_route53_record",
                    "depends_on": [
                        "aws_instance.node1",
                        "aws_route53_zone.internal"
                    ],
                    "primary": {
                        "id": "Z2744A2EHY6JDI_node1.openshift.local_A",
                        "attributes": {
                            "allow_overwrite": "true",
                            "fqdn": "node1.openshift.local",
                            "id": "Z2744A2EHY6JDI_node1.openshift.local_A",
                            "name": "node1.openshift.local",
                            "records.#": "1",
                            "records.2593734373": "10.0.1.91",
                            "ttl": "300",
                            "type": "A",
                            "zone_id": "Z2744A2EHY6JDI"
                        },
                        "meta": {
                            "schema_version": "2"
                        },
                        "tainted": false
                    },
                    "deposed": [],
                    "provider": "provider.aws"
                },
                "aws_route53_record.node2-a-record": {
                    "type": "aws_route53_record",
                    "depends_on": [
                        "aws_instance.node2",
                        "aws_route53_zone.internal"
                    ],
                    "primary": {
                        "id": "Z2744A2EHY6JDI_node2.openshift.local_A",
                        "attributes": {
                            "allow_overwrite": "true",
                            "fqdn": "node2.openshift.local",
                            "id": "Z2744A2EHY6JDI_node2.openshift.local_A",
                            "name": "node2.openshift.local",
                            "records.#": "1",
                            "records.1563767238": "10.0.1.111",
                            "ttl": "300",
                            "type": "A",
                            "zone_id": "Z2744A2EHY6JDI"
                        },
                        "meta": {
                            "schema_version": "2"
                        },
                        "tainted": false
                    },
                    "deposed": [],
                    "provider": "provider.aws"
                },
                "aws_route53_zone.internal": {
                    "type": "aws_route53_zone",
                    "depends_on": [
                        "aws_vpc.openshift"
                    ],
                    "primary": {
                        "id": "Z2744A2EHY6JDI",
                        "attributes": {
                            "comment": "OpenShift Cluster Internal DNS",
                            "force_destroy": "false",
                            "id": "Z2744A2EHY6JDI",
                            "name": "openshift.local",
                            "name_servers.#": "4",
                            "name_servers.0": "ns-0.awsdns-00.com.",
                            "name_servers.1": "ns-1024.awsdns-00.org.",
                            "name_servers.2": "ns-1536.awsdns-00.co.uk.",
                            "name_servers.3": "ns-512.awsdns-00.net.",
                            "tags.%": "2",
                            "tags.Name": "OpenShift Internal DNS",
                            "tags.Project": "openshift",
                            "vpc_id": "vpc-0e71d86d853a2c4d4",
                            "vpc_region": "ca-central-1",
                            "zone_id": "Z2744A2EHY6JDI"
                        },
                        "meta": {},
                        "tainted": false
                    },
                    "deposed": [],
                    "provider": "provider.aws"
                },
                "aws_route_table.public": {
                    "type": "aws_route_table",
                    "depends_on": [
                        "aws_internet_gateway.openshift",
                        "aws_vpc.openshift",
                        "local.common_tags"
                    ],
                    "primary": {
                        "id": "rtb-07f9ac24a7ba72ed5",
                        "attributes": {
                            "id": "rtb-07f9ac24a7ba72ed5",
                            "propagating_vgws.#": "0",
                            "route.#": "1",
                            "route.4165683906.cidr_block": "0.0.0.0/0",
                            "route.4165683906.egress_only_gateway_id": "",
                            "route.4165683906.gateway_id": "igw-0337ddcb23b39d846",
                            "route.4165683906.instance_id": "",
                            "route.4165683906.ipv6_cidr_block": "",
                            "route.4165683906.nat_gateway_id": "",
                            "route.4165683906.network_interface_id": "",
                            "route.4165683906.vpc_peering_connection_id": "",
                            "tags.%": "4",
                            "tags.KubernetesCluster": "openshift-cluster",
                            "tags.Name": "OpenShift Public Route Table",
                            "tags.Project": "openshift",
                            "tags.kubernetes.io/cluster/openshift-cluster": "openshift-cluster-micro-messages",
                            "vpc_id": "vpc-0e71d86d853a2c4d4"
                        },
                        "meta": {},
                        "tainted": false
                    },
                    "deposed": [],
                    "provider": "provider.aws"
                },
                "aws_route_table_association.public-subnet": {
                    "type": "aws_route_table_association",
                    "depends_on": [
                        "aws_route_table.public",
                        "aws_subnet.public-subnet"
                    ],
                    "primary": {
                        "id": "rtbassoc-0a5d04d11447ccd5b",
                        "attributes": {
                            "id": "rtbassoc-0a5d04d11447ccd5b",
                            "route_table_id": "rtb-07f9ac24a7ba72ed5",
                            "subnet_id": "subnet-0c3d500f2926c12c2"
                        },
                        "meta": {},
                        "tainted": false
                    },
                    "deposed": [],
                    "provider": "provider.aws"
                },
                "aws_security_group.openshift-public-egress": {
                    "type": "aws_security_group",
                    "depends_on": [
                        "aws_vpc.openshift",
                        "local.common_tags"
                    ],
                    "primary": {
                        "id": "sg-03781c0b1daf24518",
                        "attributes": {
                            "arn": "arn:aws:ec2:ca-central-1:266044410994:security-group/sg-03781c0b1daf24518",
                            "description": "Security group that allows egress to the internet for instances over HTTP and HTTPS.",
                            "egress.#": "2",
                            "egress.2214680975.cidr_blocks.#": "1",
                            "egress.2214680975.cidr_blocks.0": "0.0.0.0/0",
                            "egress.2214680975.description": "",
                            "egress.2214680975.from_port": "80",
                            "egress.2214680975.ipv6_cidr_blocks.#": "0",
                            "egress.2214680975.prefix_list_ids.#": "0",
                            "egress.2214680975.protocol": "tcp",
                            "egress.2214680975.security_groups.#": "0",
                            "egress.2214680975.self": "false",
                            "egress.2214680975.to_port": "80",
                            "egress.2617001939.cidr_blocks.#": "1",
                            "egress.2617001939.cidr_blocks.0": "0.0.0.0/0",
                            "egress.2617001939.description": "",
                            "egress.2617001939.from_port": "443",
                            "egress.2617001939.ipv6_cidr_blocks.#": "0",
                            "egress.2617001939.prefix_list_ids.#": "0",
                            "egress.2617001939.protocol": "tcp",
                            "egress.2617001939.security_groups.#": "0",
                            "egress.2617001939.self": "false",
                            "egress.2617001939.to_port": "443",
                            "id": "sg-03781c0b1daf24518",
                            "ingress.#": "0",
                            "name": "openshift-public-egress",
                            "owner_id": "266044410994",
                            "revoke_rules_on_delete": "false",
                            "tags.%": "4",
                            "tags.KubernetesCluster": "openshift-cluster",
                            "tags.Name": "OpenShift Public Egress",
                            "tags.Project": "openshift",
                            "tags.kubernetes.io/cluster/openshift-cluster": "openshift-cluster-micro-messages",
                            "vpc_id": "vpc-0e71d86d853a2c4d4"
                        },
                        "meta": {
                            "e2bfb730-ecaa-11e6-8f88-34363bc7c4c0": {
                                "create": 600000000000,
                                "delete": 600000000000
                            },
                            "schema_version": "1"
                        },
                        "tainted": false
                    },
                    "deposed": [],
                    "provider": "provider.aws"
                },
                "aws_security_group.openshift-public-ingress": {
                    "type": "aws_security_group",
                    "depends_on": [
                        "aws_vpc.openshift",
                        "local.common_tags"
                    ],
                    "primary": {
                        "id": "sg-0282c89be0ec3db27",
                        "attributes": {
                            "arn": "arn:aws:ec2:ca-central-1:266044410994:security-group/sg-0282c89be0ec3db27",
                            "description": "Security group that allows public ingress to instances, HTTP, HTTPS and more.",
                            "egress.#": "0",
                            "id": "sg-0282c89be0ec3db27",
                            "ingress.#": "4",
                            "ingress.2214680975.cidr_blocks.#": "1",
                            "ingress.2214680975.cidr_blocks.0": "0.0.0.0/0",
                            "ingress.2214680975.description": "",
                            "ingress.2214680975.from_port": "80",
                            "ingress.2214680975.ipv6_cidr_blocks.#": "0",
                            "ingress.2214680975.protocol": "tcp",
                            "ingress.2214680975.security_groups.#": "0",
                            "ingress.2214680975.self": "false",
                            "ingress.2214680975.to_port": "80",
                            "ingress.2617001939.cidr_blocks.#": "1",
                            "ingress.2617001939.cidr_blocks.0": "0.0.0.0/0",
                            "ingress.2617001939.description": "",
                            "ingress.2617001939.from_port": "443",
                            "ingress.2617001939.ipv6_cidr_blocks.#": "0",
                            "ingress.2617001939.protocol": "tcp",
                            "ingress.2617001939.security_groups.#": "0",
                            "ingress.2617001939.self": "false",
                            "ingress.2617001939.to_port": "443",
                            "ingress.2715662207.cidr_blocks.#": "1",
                            "ingress.2715662207.cidr_blocks.0": "0.0.0.0/0",
                            "ingress.2715662207.description": "",
                            "ingress.2715662207.from_port": "8443",
                            "ingress.2715662207.ipv6_cidr_blocks.#": "0",
                            "ingress.2715662207.protocol": "tcp",
                            "ingress.2715662207.security_groups.#": "0",
                            "ingress.2715662207.self": "false",
                            "ingress.2715662207.to_port": "8443",
                            "ingress.516175195.cidr_blocks.#": "1",
                            "ingress.516175195.cidr_blocks.0": "0.0.0.0/0",
                            "ingress.516175195.description": "",
                            "ingress.516175195.from_port": "8080",
                            "ingress.516175195.ipv6_cidr_blocks.#": "0",
                            "ingress.516175195.protocol": "tcp",
                            "ingress.516175195.security_groups.#": "0",
                            "ingress.516175195.self": "false",
                            "ingress.516175195.to_port": "8080",
                            "name": "openshift-public-ingress",
                            "owner_id": "266044410994",
                            "revoke_rules_on_delete": "false",
                            "tags.%": "4",
                            "tags.KubernetesCluster": "openshift-cluster",
                            "tags.Name": "OpenShift Public Ingress",
                            "tags.Project": "openshift",
                            "tags.kubernetes.io/cluster/openshift-cluster": "openshift-cluster-micro-messages",
                            "vpc_id": "vpc-0e71d86d853a2c4d4"
                        },
                        "meta": {
                            "e2bfb730-ecaa-11e6-8f88-34363bc7c4c0": {
                                "create": 600000000000,
                                "delete": 600000000000
                            },
                            "schema_version": "1"
                        },
                        "tainted": false
                    },
                    "deposed": [],
                    "provider": "provider.aws"
                },
                "aws_security_group.openshift-ssh": {
                    "type": "aws_security_group",
                    "depends_on": [
                        "aws_vpc.openshift",
                        "local.common_tags"
                    ],
                    "primary": {
                        "id": "sg-0517871bca57fa98b",
                        "attributes": {
                            "arn": "arn:aws:ec2:ca-central-1:266044410994:security-group/sg-0517871bca57fa98b",
                            "description": "Security group that allows public ingress over SSH.",
                            "egress.#": "0",
                            "id": "sg-0517871bca57fa98b",
                            "ingress.#": "1",
                            "ingress.2541437006.cidr_blocks.#": "1",
                            "ingress.2541437006.cidr_blocks.0": "0.0.0.0/0",
                            "ingress.2541437006.description": "",
                            "ingress.2541437006.from_port": "22",
                            "ingress.2541437006.ipv6_cidr_blocks.#": "0",
                            "ingress.2541437006.protocol": "tcp",
                            "ingress.2541437006.security_groups.#": "0",
                            "ingress.2541437006.self": "false",
                            "ingress.2541437006.to_port": "22",
                            "name": "openshift-ssh",
                            "owner_id": "266044410994",
                            "revoke_rules_on_delete": "false",
                            "tags.%": "4",
                            "tags.KubernetesCluster": "openshift-cluster",
                            "tags.Name": "OpenShift SSH Access",
                            "tags.Project": "openshift",
                            "tags.kubernetes.io/cluster/openshift-cluster": "openshift-cluster-micro-messages",
                            "vpc_id": "vpc-0e71d86d853a2c4d4"
                        },
                        "meta": {
                            "e2bfb730-ecaa-11e6-8f88-34363bc7c4c0": {
                                "create": 600000000000,
                                "delete": 600000000000
                            },
                            "schema_version": "1"
                        },
                        "tainted": false
                    },
                    "deposed": [],
                    "provider": "provider.aws"
                },
                "aws_security_group.openshift-vpc": {
                    "type": "aws_security_group",
                    "depends_on": [
                        "aws_vpc.openshift",
                        "local.common_tags"
                    ],
                    "primary": {
                        "id": "sg-0bdb47460eeb92185",
                        "attributes": {
                            "arn": "arn:aws:ec2:ca-central-1:266044410994:security-group/sg-0bdb47460eeb92185",
                            "description": "Default security group that allows all instances in the VPC to talk to each other over any port and protocol.",
                            "egress.#": "1",
                            "egress.753360330.cidr_blocks.#": "0",
                            "egress.753360330.description": "",
                            "egress.753360330.from_port": "0",
                            "egress.753360330.ipv6_cidr_blocks.#": "0",
                            "egress.753360330.prefix_list_ids.#": "0",
                            "egress.753360330.protocol": "-1",
                            "egress.753360330.security_groups.#": "0",
                            "egress.753360330.self": "true",
                            "egress.753360330.to_port": "0",
                            "id": "sg-0bdb47460eeb92185",
                            "ingress.#": "1",
                            "ingress.753360330.cidr_blocks.#": "0",
                            "ingress.753360330.description": "",
                            "ingress.753360330.from_port": "0",
                            "ingress.753360330.ipv6_cidr_blocks.#": "0",
                            "ingress.753360330.protocol": "-1",
                            "ingress.753360330.security_groups.#": "0",
                            "ingress.753360330.self": "true",
                            "ingress.753360330.to_port": "0",
                            "name": "openshift-vpc",
                            "owner_id": "266044410994",
                            "revoke_rules_on_delete": "false",
                            "tags.%": "4",
                            "tags.KubernetesCluster": "openshift-cluster",
                            "tags.Name": "OpenShift Internal VPC",
                            "tags.Project": "openshift",
                            "tags.kubernetes.io/cluster/openshift-cluster": "openshift-cluster-micro-messages",
                            "vpc_id": "vpc-0e71d86d853a2c4d4"
                        },
                        "meta": {
                            "e2bfb730-ecaa-11e6-8f88-34363bc7c4c0": {
                                "create": 600000000000,
                                "delete": 600000000000
                            },
                            "schema_version": "1"
                        },
                        "tainted": false
                    },
                    "deposed": [],
                    "provider": "provider.aws"
                },
                "aws_subnet.public-subnet": {
                    "type": "aws_subnet",
                    "depends_on": [
                        "aws_internet_gateway.openshift",
                        "aws_vpc.openshift",
                        "local.common_tags"
                    ],
                    "primary": {
                        "id": "subnet-0c3d500f2926c12c2",
                        "attributes": {
                            "assign_ipv6_address_on_creation": "false",
                            "availability_zone": "ca-central-1a",
                            "cidr_block": "10.0.1.0/24",
                            "id": "subnet-0c3d500f2926c12c2",
                            "map_public_ip_on_launch": "true",
                            "tags.%": "4",
                            "tags.KubernetesCluster": "openshift-cluster",
                            "tags.Name": "OpenShift Public Subnet",
                            "tags.Project": "openshift",
                            "tags.kubernetes.io/cluster/openshift-cluster": "openshift-cluster-micro-messages",
                            "vpc_id": "vpc-0e71d86d853a2c4d4"
                        },
                        "meta": {
                            "schema_version": "1"
                        },
                        "tainted": false
                    },
                    "deposed": [],
                    "provider": "provider.aws"
                },
                "aws_vpc.openshift": {
                    "type": "aws_vpc",
                    "depends_on": [
                        "local.common_tags"
                    ],
                    "primary": {
                        "id": "vpc-0e71d86d853a2c4d4",
                        "attributes": {
                            "assign_generated_ipv6_cidr_block": "false",
                            "cidr_block": "10.0.0.0/16",
                            "default_network_acl_id": "acl-0b8f41c849bca7417",
                            "default_route_table_id": "rtb-0b0933bb2fde13eeb",
                            "default_security_group_id": "sg-017dc56529b146941",
                            "dhcp_options_id": "dopt-eb7cee83",
                            "enable_dns_hostnames": "true",
                            "enable_dns_support": "true",
                            "id": "vpc-0e71d86d853a2c4d4",
                            "instance_tenancy": "default",
                            "main_route_table_id": "rtb-0b0933bb2fde13eeb",
                            "tags.%": "4",
                            "tags.KubernetesCluster": "openshift-cluster",
                            "tags.Name": "OpenShift VPC",
                            "tags.Project": "openshift",
                            "tags.kubernetes.io/cluster/openshift-cluster": "openshift-cluster-micro-messages"
                        },
                        "meta": {
                            "schema_version": "1"
                        },
                        "tainted": false
                    },
                    "deposed": [],
                    "provider": "provider.aws"
                },
                "data.aws_ami.amazonlinux": {
                    "type": "aws_ami",
                    "depends_on": [],
                    "primary": {
                        "id": "ami-49e86a2d",
                        "attributes": {
                            "architecture": "x86_64",
                            "block_device_mappings.#": "1",
                            "block_device_mappings.3607311014.device_name": "/dev/xvda",
                            "block_device_mappings.3607311014.ebs.%": "6",
                            "block_device_mappings.3607311014.ebs.delete_on_termination": "true",
                            "block_device_mappings.3607311014.ebs.encrypted": "false",
                            "block_device_mappings.3607311014.ebs.iops": "0",
                            "block_device_mappings.3607311014.ebs.snapshot_id": "snap-06730613ff94e76a7",
                            "block_device_mappings.3607311014.ebs.volume_size": "8",
                            "block_device_mappings.3607311014.ebs.volume_type": "standard",
                            "block_device_mappings.3607311014.no_device": "",
                            "block_device_mappings.3607311014.virtual_name": "",
                            "creation_date": "2018-06-22T22:25:58.000Z",
                            "description": "Amazon Linux AMI 2018.03.0.20180622 x86_64 HVM EBS",
                            "filter.#": "4",
                            "filter.1281954306.name": "root-device-type",
                            "filter.1281954306.values.#": "1",
                            "filter.1281954306.values.0": "ebs",
                            "filter.2313955347.name": "name",
                            "filter.2313955347.values.#": "1",
                            "filter.2313955347.values.0": "amzn-ami-hvm-*",
                            "filter.3386043752.name": "architecture",
                            "filter.3386043752.values.#": "1",
                            "filter.3386043752.values.0": "x86_64",
                            "filter.490168357.name": "virtualization-type",
                            "filter.490168357.values.#": "1",
                            "filter.490168357.values.0": "hvm",
                            "hypervisor": "xen",
                            "id": "ami-49e86a2d",
                            "image_id": "ami-49e86a2d",
                            "image_location": "amazon/amzn-ami-hvm-2018.03.0.20180622-x86_64-ebs",
                            "image_owner_alias": "amazon",
                            "image_type": "machine",
                            "most_recent": "true",
                            "name": "amzn-ami-hvm-2018.03.0.20180622-x86_64-ebs",
                            "owner_id": "137112412989",
                            "owners.#": "1",
                            "owners.0": "137112412989",
                            "product_codes.#": "0",
                            "public": "true",
                            "root_device_name": "/dev/xvda",
                            "root_device_type": "ebs",
                            "root_snapshot_id": "snap-06730613ff94e76a7",
                            "sriov_net_support": "simple",
                            "state": "available",
                            "state_reason.%": "2",
                            "state_reason.code": "UNSET",
                            "state_reason.message": "UNSET",
                            "tags.%": "0",
                            "virtualization_type": "hvm"
                        },
                        "meta": {},
                        "tainted": false
                    },
                    "deposed": [],
                    "provider": "provider.aws"
                },
                "data.aws_ami.rhel7_2": {
                    "type": "aws_ami",
                    "depends_on": [],
                    "primary": {
                        "id": "ami-b764d6d3",
                        "attributes": {
                            "architecture": "x86_64",
                            "block_device_mappings.#": "1",
                            "block_device_mappings.309099847.device_name": "/dev/sda1",
                            "block_device_mappings.309099847.ebs.%": "6",
                            "block_device_mappings.309099847.ebs.delete_on_termination": "true",
                            "block_device_mappings.309099847.ebs.encrypted": "false",
                            "block_device_mappings.309099847.ebs.iops": "0",
                            "block_device_mappings.309099847.ebs.snapshot_id": "snap-0ca75034d3a8f4370",
                            "block_device_mappings.309099847.ebs.volume_size": "10",
                            "block_device_mappings.309099847.ebs.volume_type": "gp2",
                            "block_device_mappings.309099847.no_device": "",
                            "block_device_mappings.309099847.virtual_name": "",
                            "creation_date": "2016-11-22T13:24:53.000Z",
                            "description": "Provided by Red Hat, Inc.",
                            "filter.#": "4",
                            "filter.1281954306.name": "root-device-type",
                            "filter.1281954306.values.#": "1",
                            "filter.1281954306.values.0": "ebs",
                            "filter.3386043752.name": "architecture",
                            "filter.3386043752.values.#": "1",
                            "filter.3386043752.values.0": "x86_64",
                            "filter.4080816079.name": "name",
                            "filter.4080816079.values.#": "1",
                            "filter.4080816079.values.0": "RHEL-7.2*",
                            "filter.490168357.name": "virtualization-type",
                            "filter.490168357.values.#": "1",
                            "filter.490168357.values.0": "hvm",
                            "hypervisor": "xen",
                            "id": "ami-b764d6d3",
                            "image_id": "ami-b764d6d3",
                            "image_location": "309956199498/RHEL-7.2_HVM-20161025-x86_64-1-Hourly2-GP2",
                            "image_type": "machine",
                            "most_recent": "true",
                            "name": "RHEL-7.2_HVM-20161025-x86_64-1-Hourly2-GP2",
                            "owner_id": "309956199498",
                            "owners.#": "1",
                            "owners.0": "309956199498",
                            "product_codes.#": "0",
                            "public": "true",
                            "root_device_name": "/dev/sda1",
                            "root_device_type": "ebs",
                            "root_snapshot_id": "snap-0ca75034d3a8f4370",
                            "sriov_net_support": "simple",
                            "state": "available",
                            "state_reason.%": "2",
                            "state_reason.code": "UNSET",
                            "state_reason.message": "UNSET",
                            "tags.%": "0",
                            "virtualization_type": "hvm"
                        },
                        "meta": {},
                        "tainted": false
                    },
                    "deposed": [],
                    "provider": "provider.aws"
                },
                "data.template_file.inventory": {
                    "type": "template_file",
                    "depends_on": [
                        "aws_iam_access_key.openshift-aws-user",
                        "aws_instance.master",
                        "aws_instance.node1",
                        "aws_instance.node2"
                    ],
                    "primary": {
                        "id": "cb84441fa7cd246325772ae167cd04116a840f6ab47946c4bdba15afb0fe456c",
                        "attributes": {
                            "id": "cb84441fa7cd246325772ae167cd04116a840f6ab47946c4bdba15afb0fe456c",
                            "rendered": "# OpenShift Inventory Template.\n# Note that when the infrastructure is generated by Terraform, this file is\n# expanded into './inventory.cfg', based on the rules in:\n#\n#   ./modules/openshift/08-inventory.tf\n\n# Create an OSEv3 group that contains the masters and nodes groups\n[OSEv3:children]\nmasters\netcd\nnodes\n\n# Set variables common for all OSEv3 hosts\n[OSEv3:vars]\n# SSH user, this user should allow ssh based auth without requiring a password\nansible_ssh_user=ec2-user\n\n# If ansible_ssh_user is not root, ansible_become must be set to true\nansible_become=true\n\n# Deploy OpenShift Origin 3.9.\nopenshift_deployment_type=origin\nopenshift_release=v3.9\n\n# We need a wildcard DNS setup for our public access to services, fortunately\n# we can use the superb xip.io to get one for free.\nopenshift_public_hostname=35.183.100.66.xip.io\nopenshift_master_default_subdomain=35.183.100.66.xip.io\n\n# Use an htpasswd file as the indentity provider.\nopenshift_master_identity_providers=[{'name': 'htpasswd_auth', 'login': 'true', 'challenge': 'true', 'kind': 'HTPasswdPasswordIdentityProvider', 'filename': '/etc/origin/master/htpasswd'}]\n\n# Uncomment the line below to enable metrics for the cluster.\n# openshift_hosted_metrics_deploy=true\n\n# Use API keys rather than instance roles so that tenant containers don't get\n# Openshift's EC2/EBS permissions\nopenshift_cloudprovider_kind=aws\nopenshift_cloudprovider_aws_access_key=AKIAIM3T3EKZVOFUR27Q\nopenshift_cloudprovider_aws_secret_key=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\n\n# Set the cluster_id.\nopenshift_clusterid=openshift-cluster-micro-messages\n\n# Create the masters host group. Note that due do:\n#   https://github.com/dwmkerr/terraform-aws-openshift/issues/40\n# We cannot use the internal DNS names (such as master.openshift.local) as there\n# is a bug with the installer when using the AWS cloud provider.\n[masters]\nip-10-0-1-253.ca-central-1.compute.internal openshift_hostname=ip-10-0-1-253.ca-central-1.compute.internal\n\n# host group for etcd\n[etcd]\nip-10-0-1-253.ca-central-1.compute.internal openshift_hostname=ip-10-0-1-253.ca-central-1.compute.internal\n\n# host group for nodes, includes region info\n[nodes]\nip-10-0-1-253.ca-central-1.compute.internal openshift_hostname=ip-10-0-1-253.ca-central-1.compute.internal openshift_node_labels=\"{'region': 'infra', 'zone': 'default'}\" openshift_schedulable=true\nip-10-0-1-91.ca-central-1.compute.internal openshift_hostname=ip-10-0-1-91.ca-central-1.compute.internal openshift_node_labels=\"{'region': 'primary', 'zone': 'east'}\"\nip-10-0-1-111.ca-central-1.compute.internal openshift_hostname=ip-10-0-1-111.ca-central-1.compute.internal openshift_node_labels=\"{'region': 'primary', 'zone': 'west'}\"\n",
                            "template": "# OpenShift Inventory Template.\n# Note that when the infrastructure is generated by Terraform, this file is\n# expanded into './inventory.cfg', based on the rules in:\n#\n#   ./modules/openshift/08-inventory.tf\n\n# Create an OSEv3 group that contains the masters and nodes groups\n[OSEv3:children]\nmasters\netcd\nnodes\n\n# Set variables common for all OSEv3 hosts\n[OSEv3:vars]\n# SSH user, this user should allow ssh based auth without requiring a password\nansible_ssh_user=ec2-user\n\n# If ansible_ssh_user is not root, ansible_become must be set to true\nansible_become=true\n\n# Deploy OpenShift Origin 3.9.\nopenshift_deployment_type=origin\nopenshift_release=v3.9\n\n# We need a wildcard DNS setup for our public access to services, fortunately\n# we can use the superb xip.io to get one for free.\nopenshift_public_hostname=${public_hostname}\nopenshift_master_default_subdomain=${public_hostname}\n\n# Use an htpasswd file as the indentity provider.\nopenshift_master_identity_providers=[{'name': 'htpasswd_auth', 'login': 'true', 'challenge': 'true', 'kind': 'HTPasswdPasswordIdentityProvider', 'filename': '/etc/origin/master/htpasswd'}]\n\n# Uncomment the line below to enable metrics for the cluster.\n# openshift_hosted_metrics_deploy=true\n\n# Use API keys rather than instance roles so that tenant containers don't get\n# Openshift's EC2/EBS permissions\nopenshift_cloudprovider_kind=aws\nopenshift_cloudprovider_aws_access_key=${access_key}\nopenshift_cloudprovider_aws_secret_key=${secret_key}\n\n# Set the cluster_id.\nopenshift_clusterid=${cluster_id}\n\n# Create the masters host group. Note that due do:\n#   https://github.com/dwmkerr/terraform-aws-openshift/issues/40\n# We cannot use the internal DNS names (such as master.openshift.local) as there\n# is a bug with the installer when using the AWS cloud provider.\n[masters]\n${master_hostname} openshift_hostname=${master_hostname}\n\n# host group for etcd\n[etcd]\n${master_hostname} openshift_hostname=${master_hostname}\n\n# host group for nodes, includes region info\n[nodes]\n${master_hostname} openshift_hostname=${master_hostname} openshift_node_labels=\"{'region': 'infra', 'zone': 'default'}\" openshift_schedulable=true\n${node1_hostname} openshift_hostname=${node1_hostname} openshift_node_labels=\"{'region': 'primary', 'zone': 'east'}\"\n${node2_hostname} openshift_hostname=${node2_hostname} openshift_node_labels=\"{'region': 'primary', 'zone': 'west'}\"\n",
                            "vars.%": "8",
                            "vars.access_key": "AKIAIM3T3EKZVOFUR27Q",
                            "vars.cluster_id": "openshift-cluster-micro-messages",
                            "vars.master_hostname": "ip-10-0-1-253.ca-central-1.compute.internal",
                            "vars.master_inventory": "ip-10-0-1-253.ca-central-1.compute.internal",
                            "vars.node1_hostname": "ip-10-0-1-91.ca-central-1.compute.internal",
                            "vars.node2_hostname": "ip-10-0-1-111.ca-central-1.compute.internal",
                            "vars.public_hostname": "35.183.100.66.xip.io",
                            "vars.secret_key": "bBCFlTuvo3GP0gK4Fv2DoZ8w/jl58L73U/A2IS6H"
                        },
                        "meta": {},
                        "tainted": false
                    },
                    "deposed": [],
                    "provider": "provider.template"
                },
                "data.template_file.setup-master": {
                    "type": "template_file",
                    "depends_on": [],
                    "primary": {
                        "id": "1b5c01ecef2442208574eb4a9ecbdb35394dec1908f1cf930bd8bf29d2ab308d",
                        "attributes": {
                            "id": "1b5c01ecef2442208574eb4a9ecbdb35394dec1908f1cf930bd8bf29d2ab308d",
                            "rendered": "#!/usr/bin/env bash\n\n# This script template is expected to be populated during the setup of a\n# OpenShift  node. It runs on host startup.\n\n# Log everything we do.\nset -x\nexec \u003e /var/log/user-data.log 2\u003e\u00261\n\nmkdir -p /etc/aws/\ncat \u003e /etc/aws/aws.conf \u003c\u003c- EOF\n[Global]\nZone = ca-central-1a\nEOF\n\n# Create initial logs config.\ncat \u003e ./awslogs.conf \u003c\u003c EOF\n[general]\nstate_file = /var/awslogs/state/agent-state\n\n[/var/log/messages]\nlog_stream_name = openshift-master-{instance_id}\nlog_group_name = /var/log/messages\nfile = /var/log/messages\ndatetime_format = %b %d %H:%M:%S\nbuffer_duration = 5000\ninitial_position = start_of_file\n\n[/var/log/user-data.log]\nlog_stream_name = openshift-master-{instance_id}\nlog_group_name = /var/log/user-data.log\nfile = /var/log/user-data.log\nEOF\n\n# Download and run the AWS logs agent.\ncurl https://s3.amazonaws.com/aws-cloudwatch/downloads/latest/awslogs-agent-setup.py -O\npython ./awslogs-agent-setup.py --non-interactive --region us-east-1 -c ./awslogs.conf\n\n# Start the awslogs service, also start on reboot.\n# Note: Errors go to /var/log/awslogs.log\nservice awslogs start\nchkconfig awslogs on\n\n# OpenShift setup\n# See: https://docs.openshift.org/latest/install_config/install/host_preparation.html\n\n# Install packages required to setup OpenShift.\nyum install -y wget git net-tools bind-utils iptables-services bridge-utils bash-completion httpd-tools\nyum update -y\n\n# Note: The step below is not in the official docs, I needed it to install\n# Docker. If anyone finds out why, I'd love to know.\n# See: https://forums.aws.amazon.com/thread.jspa?messageID=574126\nyum-config-manager --enable rhui-REGION-rhel-server-extras\n\n# Docker setup. Check the version with `docker version`, should be 1.12.\nyum install -y docker\n\n# Configure the Docker storage back end to prepare and use our EBS block device.\n# https://docs.openshift.org/latest/install_config/install/host_preparation.html#configuring-docker-storage\n# Why xvdf? See:\n# http://docs.aws.amazon.com/AWSEC2/latest/UserGuide/ebs-using-volumes.html\ncat \u003c\u003cEOF \u003e /etc/sysconfig/docker-storage-setup\nDEVS=/dev/xvdf\nVG=docker-vg\nEOF\ndocker-storage-setup\n\n# Restart docker and go to clean state as required by docker-storage-setup.\nsystemctl stop docker\nrm -rf /var/lib/docker/*\nsystemctl restart docker\n\n# Allow the ec2-user to sudo without a tty, which is required when we run post\n# install scripts on the server.\necho Defaults:ec2-user \\!requiretty \u003e\u003e /etc/sudoers\n",
                            "template": "#!/usr/bin/env bash\n\n# This script template is expected to be populated during the setup of a\n# OpenShift  node. It runs on host startup.\n\n# Log everything we do.\nset -x\nexec \u003e /var/log/user-data.log 2\u003e\u00261\n\nmkdir -p /etc/aws/\ncat \u003e /etc/aws/aws.conf \u003c\u003c- EOF\n[Global]\nZone = ${availability_zone}\nEOF\n\n# Create initial logs config.\ncat \u003e ./awslogs.conf \u003c\u003c EOF\n[general]\nstate_file = /var/awslogs/state/agent-state\n\n[/var/log/messages]\nlog_stream_name = openshift-master-{instance_id}\nlog_group_name = /var/log/messages\nfile = /var/log/messages\ndatetime_format = %b %d %H:%M:%S\nbuffer_duration = 5000\ninitial_position = start_of_file\n\n[/var/log/user-data.log]\nlog_stream_name = openshift-master-{instance_id}\nlog_group_name = /var/log/user-data.log\nfile = /var/log/user-data.log\nEOF\n\n# Download and run the AWS logs agent.\ncurl https://s3.amazonaws.com/aws-cloudwatch/downloads/latest/awslogs-agent-setup.py -O\npython ./awslogs-agent-setup.py --non-interactive --region us-east-1 -c ./awslogs.conf\n\n# Start the awslogs service, also start on reboot.\n# Note: Errors go to /var/log/awslogs.log\nservice awslogs start\nchkconfig awslogs on\n\n# OpenShift setup\n# See: https://docs.openshift.org/latest/install_config/install/host_preparation.html\n\n# Install packages required to setup OpenShift.\nyum install -y wget git net-tools bind-utils iptables-services bridge-utils bash-completion httpd-tools\nyum update -y\n\n# Note: The step below is not in the official docs, I needed it to install\n# Docker. If anyone finds out why, I'd love to know.\n# See: https://forums.aws.amazon.com/thread.jspa?messageID=574126\nyum-config-manager --enable rhui-REGION-rhel-server-extras\n\n# Docker setup. Check the version with `docker version`, should be 1.12.\nyum install -y docker\n\n# Configure the Docker storage back end to prepare and use our EBS block device.\n# https://docs.openshift.org/latest/install_config/install/host_preparation.html#configuring-docker-storage\n# Why xvdf? See:\n# http://docs.aws.amazon.com/AWSEC2/latest/UserGuide/ebs-using-volumes.html\ncat \u003c\u003cEOF \u003e /etc/sysconfig/docker-storage-setup\nDEVS=/dev/xvdf\nVG=docker-vg\nEOF\ndocker-storage-setup\n\n# Restart docker and go to clean state as required by docker-storage-setup.\nsystemctl stop docker\nrm -rf /var/lib/docker/*\nsystemctl restart docker\n\n# Allow the ec2-user to sudo without a tty, which is required when we run post\n# install scripts on the server.\necho Defaults:ec2-user \\!requiretty \u003e\u003e /etc/sudoers\n",
                            "vars.%": "1",
                            "vars.availability_zone": "ca-central-1a"
                        },
                        "meta": {},
                        "tainted": false
                    },
                    "deposed": [],
                    "provider": "provider.template"
                },
                "data.template_file.setup-node": {
                    "type": "template_file",
                    "depends_on": [],
                    "primary": {
                        "id": "fc48984048743997c8c3ebdfc7ca1d127e0a30063fe1a9db31316686f794c1d6",
                        "attributes": {
                            "id": "fc48984048743997c8c3ebdfc7ca1d127e0a30063fe1a9db31316686f794c1d6",
                            "rendered": "#!/usr/bin/env bash\n\n# This script template is expected to be populated during the setup of a\n# OpenShift  node. It runs on host startup.\n\n# Log everything we do.\nset -x\nexec \u003e /var/log/user-data.log 2\u003e\u00261\n\nmkdir -p /etc/aws/\ncat \u003e /etc/aws/aws.conf \u003c\u003c- EOF\n[Global]\nZone = ca-central-1a\nEOF\n\n# Create initial logs config.\ncat \u003e ./awslogs.conf \u003c\u003c- EOF\n[general]\nstate_file = /var/awslogs/state/agent-state\n\n[/var/log/messages]\nlog_stream_name = openshift-node-{instance_id}\nlog_group_name = /var/log/messages\nfile = /var/log/messages\ndatetime_format = %b %d %H:%M:%S\nbuffer_duration = 5000\ninitial_position = start_of_file\n\n[/var/log/user-data.log]\nlog_stream_name = openshift-node-{instance_id}\nlog_group_name = /var/log/user-data.log\nfile = /var/log/user-data.log\nEOF\n\n# Download and run the AWS logs agent.\ncurl https://s3.amazonaws.com/aws-cloudwatch/downloads/latest/awslogs-agent-setup.py -O\npython ./awslogs-agent-setup.py --non-interactive --region us-east-1 -c ./awslogs.conf\n\n# Start the awslogs service, also start on reboot.\n# Note: Errors go to /var/log/awslogs.log\nservice awslogs start\nchkconfig awslogs on\n\n# OpenShift setup\n# See: https://docs.openshift.org/latest/install_config/install/host_preparation.html\n\n# Install packages required to setup OpenShift.\nyum install -y wget git net-tools bind-utils iptables-services bridge-utils bash-completion\nyum update -y\n\n# Note: The step below is not in the official docs, I needed it to install\n# Docker. If anyone finds out why, I'd love to know.\n# See: https://forums.aws.amazon.com/thread.jspa?messageID=574126\nyum-config-manager --enable rhui-REGION-rhel-server-extras\n\n# Docker setup. Check the version with `docker version`, should be 1.12.\nyum install -y docker\n\n# Configure the Docker storage back end to prepare and use our EBS block device.\n# https://docs.openshift.org/latest/install_config/install/host_preparation.html#configuring-docker-storage\n# Why xvdf? See:\n# http://docs.aws.amazon.com/AWSEC2/latest/UserGuide/ebs-using-volumes.html\ncat \u003c\u003cEOF \u003e /etc/sysconfig/docker-storage-setup\nDEVS=/dev/xvdf\nVG=docker-vg\nEOF\ndocker-storage-setup\n\n# Restart docker and go to clean state as required by docker-storage-setup.\nsystemctl stop docker\nrm -rf /var/lib/docker/*\nsystemctl restart docker\n\n# Allow the ec2-user to sudo without a tty, which is required when we run post\n# install scripts on the server.\necho Defaults:ec2-user \\!requiretty \u003e\u003e /etc/sudoers\n",
                            "template": "#!/usr/bin/env bash\n\n# This script template is expected to be populated during the setup of a\n# OpenShift  node. It runs on host startup.\n\n# Log everything we do.\nset -x\nexec \u003e /var/log/user-data.log 2\u003e\u00261\n\nmkdir -p /etc/aws/\ncat \u003e /etc/aws/aws.conf \u003c\u003c- EOF\n[Global]\nZone = ${availability_zone}\nEOF\n\n# Create initial logs config.\ncat \u003e ./awslogs.conf \u003c\u003c- EOF\n[general]\nstate_file = /var/awslogs/state/agent-state\n\n[/var/log/messages]\nlog_stream_name = openshift-node-{instance_id}\nlog_group_name = /var/log/messages\nfile = /var/log/messages\ndatetime_format = %b %d %H:%M:%S\nbuffer_duration = 5000\ninitial_position = start_of_file\n\n[/var/log/user-data.log]\nlog_stream_name = openshift-node-{instance_id}\nlog_group_name = /var/log/user-data.log\nfile = /var/log/user-data.log\nEOF\n\n# Download and run the AWS logs agent.\ncurl https://s3.amazonaws.com/aws-cloudwatch/downloads/latest/awslogs-agent-setup.py -O\npython ./awslogs-agent-setup.py --non-interactive --region us-east-1 -c ./awslogs.conf\n\n# Start the awslogs service, also start on reboot.\n# Note: Errors go to /var/log/awslogs.log\nservice awslogs start\nchkconfig awslogs on\n\n# OpenShift setup\n# See: https://docs.openshift.org/latest/install_config/install/host_preparation.html\n\n# Install packages required to setup OpenShift.\nyum install -y wget git net-tools bind-utils iptables-services bridge-utils bash-completion\nyum update -y\n\n# Note: The step below is not in the official docs, I needed it to install\n# Docker. If anyone finds out why, I'd love to know.\n# See: https://forums.aws.amazon.com/thread.jspa?messageID=574126\nyum-config-manager --enable rhui-REGION-rhel-server-extras\n\n# Docker setup. Check the version with `docker version`, should be 1.12.\nyum install -y docker\n\n# Configure the Docker storage back end to prepare and use our EBS block device.\n# https://docs.openshift.org/latest/install_config/install/host_preparation.html#configuring-docker-storage\n# Why xvdf? See:\n# http://docs.aws.amazon.com/AWSEC2/latest/UserGuide/ebs-using-volumes.html\ncat \u003c\u003cEOF \u003e /etc/sysconfig/docker-storage-setup\nDEVS=/dev/xvdf\nVG=docker-vg\nEOF\ndocker-storage-setup\n\n# Restart docker and go to clean state as required by docker-storage-setup.\nsystemctl stop docker\nrm -rf /var/lib/docker/*\nsystemctl restart docker\n\n# Allow the ec2-user to sudo without a tty, which is required when we run post\n# install scripts on the server.\necho Defaults:ec2-user \\!requiretty \u003e\u003e /etc/sudoers\n",
                            "vars.%": "1",
                            "vars.availability_zone": "ca-central-1a"
                        },
                        "meta": {},
                        "tainted": false
                    },
                    "deposed": [],
                    "provider": "provider.template"
                },
                "local_file.inventory": {
                    "type": "local_file",
                    "depends_on": [
                        "data.template_file.inventory"
                    ],
                    "primary": {
                        "id": "91305f5801a505dfc5071e93a01cb2d298bdd9d9",
                        "attributes": {
                            "content": "# OpenShift Inventory Template.\n# Note that when the infrastructure is generated by Terraform, this file is\n# expanded into './inventory.cfg', based on the rules in:\n#\n#   ./modules/openshift/08-inventory.tf\n\n# Create an OSEv3 group that contains the masters and nodes groups\n[OSEv3:children]\nmasters\netcd\nnodes\n\n# Set variables common for all OSEv3 hosts\n[OSEv3:vars]\n# SSH user, this user should allow ssh based auth without requiring a password\nansible_ssh_user=ec2-user\n\n# If ansible_ssh_user is not root, ansible_become must be set to true\nansible_become=true\n\n# Deploy OpenShift Origin 3.9.\nopenshift_deployment_type=origin\nopenshift_release=v3.9\n\n# We need a wildcard DNS setup for our public access to services, fortunately\n# we can use the superb xip.io to get one for free.\nopenshift_public_hostname=35.183.100.66.xip.io\nopenshift_master_default_subdomain=35.183.100.66.xip.io\n\n# Use an htpasswd file as the indentity provider.\nopenshift_master_identity_providers=[{'name': 'htpasswd_auth', 'login': 'true', 'challenge': 'true', 'kind': 'HTPasswdPasswordIdentityProvider', 'filename': '/etc/origin/master/htpasswd'}]\n\n# Uncomment the line below to enable metrics for the cluster.\n# openshift_hosted_metrics_deploy=true\n\n# Use API keys rather than instance roles so that tenant containers don't get\n# Openshift's EC2/EBS permissions\nopenshift_cloudprovider_kind=aws\nopenshift_cloudprovider_aws_access_key=AKIAIM3T3EKZVOFUR27Q\nopenshift_cloudprovider_aws_secret_key=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\n\n# Set the cluster_id.\nopenshift_clusterid=openshift-cluster-micro-messages\n\n# Create the masters host group. Note that due do:\n#   https://github.com/dwmkerr/terraform-aws-openshift/issues/40\n# We cannot use the internal DNS names (such as master.openshift.local) as there\n# is a bug with the installer when using the AWS cloud provider.\n[masters]\nip-10-0-1-253.ca-central-1.compute.internal openshift_hostname=ip-10-0-1-253.ca-central-1.compute.internal\n\n# host group for etcd\n[etcd]\nip-10-0-1-253.ca-central-1.compute.internal openshift_hostname=ip-10-0-1-253.ca-central-1.compute.internal\n\n# host group for nodes, includes region info\n[nodes]\nip-10-0-1-253.ca-central-1.compute.internal openshift_hostname=ip-10-0-1-253.ca-central-1.compute.internal openshift_node_labels=\"{'region': 'infra', 'zone': 'default'}\" openshift_schedulable=true\nip-10-0-1-91.ca-central-1.compute.internal openshift_hostname=ip-10-0-1-91.ca-central-1.compute.internal openshift_node_labels=\"{'region': 'primary', 'zone': 'east'}\"\nip-10-0-1-111.ca-central-1.compute.internal openshift_hostname=ip-10-0-1-111.ca-central-1.compute.internal openshift_node_labels=\"{'region': 'primary', 'zone': 'west'}\"\n",
                            "filename": "C:\\Users\\xqian\\go\\src\\github.com\\micro-message\\terraform\\.terraform\\modules\\f1c64dc3bb38ab551753e79051a7c017\\modules\\openshift\\..\\..\\inventory.cfg",
                            "id": "91305f5801a505dfc5071e93a01cb2d298bdd9d9"
                        },
                        "meta": {},
                        "tainted": false
                    },
                    "deposed": [],
                    "provider": "provider.local"
                }
            },
            "depends_on": []
        }
    ]
}
